// !$*UTF8*$!
{
	archiveVersion = 1;
	classes = {
	};
	objectVersion = 51;
	objects = {

/* Begin PBXBuildFile section */
		26A446FD7872F3E1E3AF035D /* Pods_TestDemo.framework in Frameworks */ = {isa = PBXBuildFile; fileRef = 577DB894BBEF6ADFCD5E0AA6 /* Pods_TestDemo.framework */; };
		F48EC0512490CD32002A6DD4 /* 666.json in Resources */ = {isa = PBXBuildFile; fileRef = F48EC0502490CD32002A6DD4 /* 666.json */; };
		F48EC05C2490CF85002A6DD4 /* img_1.png in Resources */ = {isa = PBXBuildFile; fileRef = F48EC0532490CF85002A6DD4 /* img_1.png */; };
		F48EC05D2490CF85002A6DD4 /* img_0.png in Resources */ = {isa = PBXBuildFile; fileRef = F48EC0542490CF85002A6DD4 /* img_0.png */; };
		F48EC05E2490CF85002A6DD4 /* img_2.png in Resources */ = {isa = PBXBuildFile; fileRef = F48EC0552490CF85002A6DD4 /* img_2.png */; };
		F48EC05F2490CF85002A6DD4 /* img_3.png in Resources */ = {isa = PBXBuildFile; fileRef = F48EC0562490CF85002A6DD4 /* img_3.png */; };
		F48EC0602490CF85002A6DD4 /* img_7.png in Resources */ = {isa = PBXBuildFile; fileRef = F48EC0572490CF85002A6DD4 /* img_7.png */; };
		F48EC0612490CF85002A6DD4 /* img_6.png in Resources */ = {isa = PBXBuildFile; fileRef = F48EC0582490CF85002A6DD4 /* img_6.png */; };
		F48EC0622490CF85002A6DD4 /* img_4.png in Resources */ = {isa = PBXBuildFile; fileRef = F48EC0592490CF85002A6DD4 /* img_4.png */; };
		F48EC0632490CF85002A6DD4 /* img_5.png in Resources */ = {isa = PBXBuildFile; fileRef = F48EC05A2490CF85002A6DD4 /* img_5.png */; };
		F48EC0642490CF85002A6DD4 /* img_8.png in Resources */ = {isa = PBXBuildFile; fileRef = F48EC05B2490CF85002A6DD4 /* img_8.png */; };
		F48EC0672490D15A002A6DD4 /* TestSwift.swift in Sources */ = {isa = PBXBuildFile; fileRef = F48EC0662490D15A002A6DD4 /* TestSwift.swift */; };
		F48EC0692490DB92002A6DD4 /* Person.swift in Sources */ = {isa = PBXBuildFile; fileRef = F48EC0682490DB92002A6DD4 /* Person.swift */; };
		F4EF958423BA086E00BABDF9 /* AppDelegate.m in Sources */ = {isa = PBXBuildFile; fileRef = F4EF958323BA086E00BABDF9 /* AppDelegate.m */; };
		F4EF958A23BA086E00BABDF9 /* ViewController.m in Sources */ = {isa = PBXBuildFile; fileRef = F4EF958923BA086E00BABDF9 /* ViewController.m */; };
		F4EF958D23BA086E00BABDF9 /* Main.storyboard in Resources */ = {isa = PBXBuildFile; fileRef = F4EF958B23BA086E00BABDF9 /* Main.storyboard */; };
		F4EF958F23BA087100BABDF9 /* Assets.xcassets in Resources */ = {isa = PBXBuildFile; fileRef = F4EF958E23BA087100BABDF9 /* Assets.xcassets */; };
		F4EF959223BA087100BABDF9 /* LaunchScreen.storyboard in Resources */ = {isa = PBXBuildFile; fileRef = F4EF959023BA087100BABDF9 /* LaunchScreen.storyboard */; };
		F4EF959523BA087100BABDF9 /* main.m in Sources */ = {isa = PBXBuildFile; fileRef = F4EF959423BA087100BABDF9 /* main.m */; };
		F4EF959F23BA087100BABDF9 /* TestDemoTests.m in Sources */ = {isa = PBXBuildFile; fileRef = F4EF959E23BA087100BABDF9 /* TestDemoTests.m */; };
		F4EF95AA23BA087100BABDF9 /* TestDemoUITests.m in Sources */ = {isa = PBXBuildFile; fileRef = F4EF95A923BA087100BABDF9 /* TestDemoUITests.m */; };
/* End PBXBuildFile section */

/* Begin PBXContainerItemProxy section */
		F4EF959B23BA087100BABDF9 /* PBXContainerItemProxy */ = {
			isa = PBXContainerItemProxy;
			containerPortal = F4EF957723BA086E00BABDF9 /* Project object */;
			proxyType = 1;
			remoteGlobalIDString = F4EF957E23BA086E00BABDF9;
			remoteInfo = TestDemo;
		};
		F4EF95A623BA087100BABDF9 /* PBXContainerItemProxy */ = {
			isa = PBXContainerItemProxy;
			containerPortal = F4EF957723BA086E00BABDF9 /* Project object */;
			proxyType = 1;
			remoteGlobalIDString = F4EF957E23BA086E00BABDF9;
			remoteInfo = TestDemo;
		};
/* End PBXContainerItemProxy section */

/* Begin PBXFileReference section */
		577DB894BBEF6ADFCD5E0AA6 /* Pods_TestDemo.framework */ = {isa = PBXFileReference; explicitFileType = wrapper.framework; includeInIndex = 0; path = Pods_TestDemo.framework; sourceTree = BUILT_PRODUCTS_DIR; };
		D1752D730C45FD6BF1162C75 /* Pods-TestDemo.debug.xcconfig */ = {isa = PBXFileReference; includeInIndex = 1; lastKnownFileType = text.xcconfig; name = "Pods-TestDemo.debug.xcconfig"; path = "Target Support Files/Pods-TestDemo/Pods-TestDemo.debug.xcconfig"; sourceTree = "<group>"; };
		F47C576324723F1E00EE840F /* TestDemoRelease.entitlements */ = {isa = PBXFileReference; lastKnownFileType = text.plist.entitlements; path = TestDemoRelease.entitlements; sourceTree = "<group>"; };
		F48EC0502490CD32002A6DD4 /* 666.json */ = {isa = PBXFileReference; fileEncoding = 4; lastKnownFileType = text.json; path = 666.json; sourceTree = "<group>"; };
		F48EC0532490CF85002A6DD4 /* img_1.png */ = {isa = PBXFileReference; lastKnownFileType = image.png; path = img_1.png; sourceTree = "<group>"; };
		F48EC0542490CF85002A6DD4 /* img_0.png */ = {isa = PBXFileReference; lastKnownFileType = image.png; path = img_0.png; sourceTree = "<group>"; };
		F48EC0552490CF85002A6DD4 /* img_2.png */ = {isa = PBXFileReference; lastKnownFileType = image.png; path = img_2.png; sourceTree = "<group>"; };
		F48EC0562490CF85002A6DD4 /* img_3.png */ = {isa = PBXFileReference; lastKnownFileType = image.png; path = img_3.png; sourceTree = "<group>"; };
		F48EC0572490CF85002A6DD4 /* img_7.png */ = {isa = PBXFileReference; lastKnownFileType = image.png; path = img_7.png; sourceTree = "<group>"; };
		F48EC0582490CF85002A6DD4 /* img_6.png */ = {isa = PBXFileReference; lastKnownFileType = image.png; path = img_6.png; sourceTree = "<group>"; };
		F48EC0592490CF85002A6DD4 /* img_4.png */ = {isa = PBXFileReference; lastKnownFileType = image.png; path = img_4.png; sourceTree = "<group>"; };
		F48EC05A2490CF85002A6DD4 /* img_5.png */ = {isa = PBXFileReference; lastKnownFileType = image.png; path = img_5.png; sourceTree = "<group>"; };
		F48EC05B2490CF85002A6DD4 /* img_8.png */ = {isa = PBXFileReference; lastKnownFileType = image.png; path = img_8.png; sourceTree = "<group>"; };
		F48EC0652490D15A002A6DD4 /* TestDemo-Bridging-Header.h */ = {isa = PBXFileReference; lastKnownFileType = sourcecode.c.h; path = "TestDemo-Bridging-Header.h"; sourceTree = "<group>"; };
		F48EC0662490D15A002A6DD4 /* TestSwift.swift */ = {isa = PBXFileReference; lastKnownFileType = sourcecode.swift; path = TestSwift.swift; sourceTree = "<group>"; };
		F48EC0682490DB92002A6DD4 /* Person.swift */ = {isa = PBXFileReference; lastKnownFileType = sourcecode.swift; path = Person.swift; sourceTree = "<group>"; };
		F4EF957F23BA086E00BABDF9 /* TestDemo.app */ = {isa = PBXFileReference; explicitFileType = wrapper.application; includeInIndex = 0; path = TestDemo.app; sourceTree = BUILT_PRODUCTS_DIR; };
		F4EF958223BA086E00BABDF9 /* AppDelegate.h */ = {isa = PBXFileReference; lastKnownFileType = sourcecode.c.h; path = AppDelegate.h; sourceTree = "<group>"; };
		F4EF958323BA086E00BABDF9 /* AppDelegate.m */ = {isa = PBXFileReference; lastKnownFileType = sourcecode.c.objc; path = AppDelegate.m; sourceTree = "<group>"; };
		F4EF958823BA086E00BABDF9 /* ViewController.h */ = {isa = PBXFileReference; lastKnownFileType = sourcecode.c.h; path = ViewController.h; sourceTree = "<group>"; };
		F4EF958923BA086E00BABDF9 /* ViewController.m */ = {isa = PBXFileReference; lastKnownFileType = sourcecode.c.objc; path = ViewController.m; sourceTree = "<group>"; };
		F4EF958C23BA086E00BABDF9 /* Base */ = {isa = PBXFileReference; lastKnownFileType = file.storyboard; name = Base; path = Base.lproj/Main.storyboard; sourceTree = "<group>"; };
		F4EF958E23BA087100BABDF9 /* Assets.xcassets */ = {isa = PBXFileReference; lastKnownFileType = folder.assetcatalog; path = Assets.xcassets; sourceTree = "<group>"; };
		F4EF959123BA087100BABDF9 /* Base */ = {isa = PBXFileReference; lastKnownFileType = file.storyboard; name = Base; path = Base.lproj/LaunchScreen.storyboard; sourceTree = "<group>"; };
		F4EF959323BA087100BABDF9 /* Info.plist */ = {isa = PBXFileReference; lastKnownFileType = text.plist.xml; path = Info.plist; sourceTree = "<group>"; };
		F4EF959423BA087100BABDF9 /* main.m */ = {isa = PBXFileReference; lastKnownFileType = sourcecode.c.objc; path = main.m; sourceTree = "<group>"; };
		F4EF959A23BA087100BABDF9 /* TestDemoTests.xctest */ = {isa = PBXFileReference; explicitFileType = wrapper.cfbundle; includeInIndex = 0; path = TestDemoTests.xctest; sourceTree = BUILT_PRODUCTS_DIR; };
		F4EF959E23BA087100BABDF9 /* TestDemoTests.m */ = {isa = PBXFileReference; lastKnownFileType = sourcecode.c.objc; path = TestDemoTests.m; sourceTree = "<group>"; };
		F4EF95A023BA087100BABDF9 /* Info.plist */ = {isa = PBXFileReference; lastKnownFileType = text.plist.xml; path = Info.plist; sourceTree = "<group>"; };
		F4EF95A523BA087100BABDF9 /* TestDemoUITests.xctest */ = {isa = PBXFileReference; explicitFileType = wrapper.cfbundle; includeInIndex = 0; path = TestDemoUITests.xctest; sourceTree = BUILT_PRODUCTS_DIR; };
		F4EF95A923BA087100BABDF9 /* TestDemoUITests.m */ = {isa = PBXFileReference; lastKnownFileType = sourcecode.c.objc; path = TestDemoUITests.m; sourceTree = "<group>"; };
		F4EF95AB23BA087100BABDF9 /* Info.plist */ = {isa = PBXFileReference; lastKnownFileType = text.plist.xml; path = Info.plist; sourceTree = "<group>"; };
		F4EF95B723BA097000BABDF9 /* TestDemo.entitlements */ = {isa = PBXFileReference; lastKnownFileType = text.plist.entitlements; path = TestDemo.entitlements; sourceTree = "<group>"; };
		FF99A29BD7FD6EB510306997 /* Pods-TestDemo.release.xcconfig */ = {isa = PBXFileReference; includeInIndex = 1; lastKnownFileType = text.xcconfig; name = "Pods-TestDemo.release.xcconfig"; path = "Target Support Files/Pods-TestDemo/Pods-TestDemo.release.xcconfig"; sourceTree = "<group>"; };
/* End PBXFileReference section */

/* Begin PBXFrameworksBuildPhase section */
		F4EF957C23BA086E00BABDF9 /* Frameworks */ = {
			isa = PBXFrameworksBuildPhase;
			buildActionMask = 2147483647;
			files = (
				26A446FD7872F3E1E3AF035D /* Pods_TestDemo.framework in Frameworks */,
			);
			runOnlyForDeploymentPostprocessing = 0;
		};
		F4EF959723BA087100BABDF9 /* Frameworks */ = {
			isa = PBXFrameworksBuildPhase;
			buildActionMask = 2147483647;
			files = (
			);
			runOnlyForDeploymentPostprocessing = 0;
		};
		F4EF95A223BA087100BABDF9 /* Frameworks */ = {
			isa = PBXFrameworksBuildPhase;
			buildActionMask = 2147483647;
			files = (
			);
			runOnlyForDeploymentPostprocessing = 0;
		};
/* End PBXFrameworksBuildPhase section */

/* Begin PBXGroup section */
		3DD70B9445AD48203AB2835A /* Pods */ = {
			isa = PBXGroup;
			children = (
				D1752D730C45FD6BF1162C75 /* Pods-TestDemo.debug.xcconfig */,
				FF99A29BD7FD6EB510306997 /* Pods-TestDemo.release.xcconfig */,
			);
			path = Pods;
			sourceTree = "<group>";
		};
		577E4FDC6CB2FC8102534A1E /* Frameworks */ = {
			isa = PBXGroup;
			children = (
				577DB894BBEF6ADFCD5E0AA6 /* Pods_TestDemo.framework */,
			);
			name = Frameworks;
			sourceTree = "<group>";
		};
		F48EC0522490CF85002A6DD4 /* images */ = {
			isa = PBXGroup;
			children = (
				F48EC0532490CF85002A6DD4 /* img_1.png */,
				F48EC0542490CF85002A6DD4 /* img_0.png */,
				F48EC0552490CF85002A6DD4 /* img_2.png */,
				F48EC0562490CF85002A6DD4 /* img_3.png */,
				F48EC0572490CF85002A6DD4 /* img_7.png */,
				F48EC0582490CF85002A6DD4 /* img_6.png */,
				F48EC0592490CF85002A6DD4 /* img_4.png */,
				F48EC05A2490CF85002A6DD4 /* img_5.png */,
				F48EC05B2490CF85002A6DD4 /* img_8.png */,
			);
			path = images;
			sourceTree = "<group>";
		};
		F4EF957623BA086E00BABDF9 = {
			isa = PBXGroup;
			children = (
				F4EF958123BA086E00BABDF9 /* TestDemo */,
				F4EF959D23BA087100BABDF9 /* TestDemoTests */,
				F4EF95A823BA087100BABDF9 /* TestDemoUITests */,
				F4EF958023BA086E00BABDF9 /* Products */,
				3DD70B9445AD48203AB2835A /* Pods */,
				577E4FDC6CB2FC8102534A1E /* Frameworks */,
			);
			sourceTree = "<group>";
		};
		F4EF958023BA086E00BABDF9 /* Products */ = {
			isa = PBXGroup;
			children = (
				F4EF957F23BA086E00BABDF9 /* TestDemo.app */,
				F4EF959A23BA087100BABDF9 /* TestDemoTests.xctest */,
				F4EF95A523BA087100BABDF9 /* TestDemoUITests.xctest */,
			);
			name = Products;
			sourceTree = "<group>";
		};
		F4EF958123BA086E00BABDF9 /* TestDemo */ = {
			isa = PBXGroup;
			children = (
				F47C576324723F1E00EE840F /* TestDemoRelease.entitlements */,
				F4EF95B723BA097000BABDF9 /* TestDemo.entitlements */,
				F4EF958223BA086E00BABDF9 /* AppDelegate.h */,
				F4EF958323BA086E00BABDF9 /* AppDelegate.m */,
				F4EF958823BA086E00BABDF9 /* ViewController.h */,
				F4EF958923BA086E00BABDF9 /* ViewController.m */,
				F48EC0662490D15A002A6DD4 /* TestSwift.swift */,
				F48EC0682490DB92002A6DD4 /* Person.swift */,
				F4EF958B23BA086E00BABDF9 /* Main.storyboard */,
				F4EF958E23BA087100BABDF9 /* Assets.xcassets */,
				F4EF959023BA087100BABDF9 /* LaunchScreen.storyboard */,
				F4EF959323BA087100BABDF9 /* Info.plist */,
				F4EF959423BA087100BABDF9 /* main.m */,
				F48EC0502490CD32002A6DD4 /* 666.json */,
				F48EC0522490CF85002A6DD4 /* images */,
				F48EC0652490D15A002A6DD4 /* TestDemo-Bridging-Header.h */,
			);
			path = TestDemo;
			sourceTree = "<group>";
		};
		F4EF959D23BA087100BABDF9 /* TestDemoTests */ = {
			isa = PBXGroup;
			children = (
				F4EF959E23BA087100BABDF9 /* TestDemoTests.m */,
				F4EF95A023BA087100BABDF9 /* Info.plist */,
			);
			path = TestDemoTests;
			sourceTree = "<group>";
		};
		F4EF95A823BA087100BABDF9 /* TestDemoUITests */ = {
			isa = PBXGroup;
			children = (
				F4EF95A923BA087100BABDF9 /* TestDemoUITests.m */,
				F4EF95AB23BA087100BABDF9 /* Info.plist */,
			);
			path = TestDemoUITests;
			sourceTree = "<group>";
		};
/* End PBXGroup section */

/* Begin PBXNativeTarget section */
		F4EF957E23BA086E00BABDF9 /* TestDemo */ = {
			isa = PBXNativeTarget;
			buildConfigurationList = F4EF95AE23BA087100BABDF9 /* Build configuration list for PBXNativeTarget "TestDemo" */;
			buildPhases = (
				41B768A0C0DB5B653025BE79 /* [CP] Check Pods Manifest.lock */,
				F4EF957B23BA086E00BABDF9 /* Sources */,
				F4EF957C23BA086E00BABDF9 /* Frameworks */,
				F4EF957D23BA086E00BABDF9 /* Resources */,
				C6585DDD456CB94A40234BD3 /* [CP] Embed Pods Frameworks */,
			);
			buildRules = (
			);
			dependencies = (
			);
			name = TestDemo;
			productName = TestDemo;
			productReference = F4EF957F23BA086E00BABDF9 /* TestDemo.app */;
			productType = "com.apple.product-type.application";
		};
		F4EF959923BA087100BABDF9 /* TestDemoTests */ = {
			isa = PBXNativeTarget;
			buildConfigurationList = F4EF95B123BA087100BABDF9 /* Build configuration list for PBXNativeTarget "TestDemoTests" */;
			buildPhases = (
				F4EF959623BA087100BABDF9 /* Sources */,
				F4EF959723BA087100BABDF9 /* Frameworks */,
				F4EF959823BA087100BABDF9 /* Resources */,
			);
			buildRules = (
			);
			dependencies = (
				F4EF959C23BA087100BABDF9 /* PBXTargetDependency */,
			);
			name = TestDemoTests;
			productName = TestDemoTests;
			productReference = F4EF959A23BA087100BABDF9 /* TestDemoTests.xctest */;
			productType = "com.apple.product-type.bundle.unit-test";
		};
		F4EF95A423BA087100BABDF9 /* TestDemoUITests */ = {
			isa = PBXNativeTarget;
			buildConfigurationList = F4EF95B423BA087100BABDF9 /* Build configuration list for PBXNativeTarget "TestDemoUITests" */;
			buildPhases = (
				F4EF95A123BA087100BABDF9 /* Sources */,
				F4EF95A223BA087100BABDF9 /* Frameworks */,
				F4EF95A323BA087100BABDF9 /* Resources */,
			);
			buildRules = (
			);
			dependencies = (
				F4EF95A723BA087100BABDF9 /* PBXTargetDependency */,
			);
			name = TestDemoUITests;
			productName = TestDemoUITests;
			productReference = F4EF95A523BA087100BABDF9 /* TestDemoUITests.xctest */;
			productType = "com.apple.product-type.bundle.ui-testing";
		};
/* End PBXNativeTarget section */

/* Begin PBXProject section */
		F4EF957723BA086E00BABDF9 /* Project object */ = {
			isa = PBXProject;
			attributes = {
				LastUpgradeCheck = 1130;
				ORGANIZATIONNAME = ULDD;
				TargetAttributes = {
					F4EF957E23BA086E00BABDF9 = {
						CreatedOnToolsVersion = 11.3;
						LastSwiftMigration = 1130;
					};
					F4EF959923BA087100BABDF9 = {
						CreatedOnToolsVersion = 11.3;
						TestTargetID = F4EF957E23BA086E00BABDF9;
					};
					F4EF95A423BA087100BABDF9 = {
						CreatedOnToolsVersion = 11.3;
						TestTargetID = F4EF957E23BA086E00BABDF9;
					};
				};
			};
			buildConfigurationList = F4EF957A23BA086E00BABDF9 /* Build configuration list for PBXProject "TestDemo" */;
			compatibilityVersion = "Xcode 9.3";
			developmentRegion = en;
			hasScannedForEncodings = 0;
			knownRegions = (
				en,
				Base,
			);
			mainGroup = F4EF957623BA086E00BABDF9;
			productRefGroup = F4EF958023BA086E00BABDF9 /* Products */;
			projectDirPath = "";
			projectRoot = "";
			targets = (
				F4EF957E23BA086E00BABDF9 /* TestDemo */,
				F4EF959923BA087100BABDF9 /* TestDemoTests */,
				F4EF95A423BA087100BABDF9 /* TestDemoUITests */,
			);
		};
/* End PBXProject section */

/* Begin PBXResourcesBuildPhase section */
		F4EF957D23BA086E00BABDF9 /* Resources */ = {
			isa = PBXResourcesBuildPhase;
			buildActionMask = 2147483647;
			files = (
				F4EF959223BA087100BABDF9 /* LaunchScreen.storyboard in Resources */,
				F48EC0642490CF85002A6DD4 /* img_8.png in Resources */,
				F4EF958F23BA087100BABDF9 /* Assets.xcassets in Resources */,
				F48EC05D2490CF85002A6DD4 /* img_0.png in Resources */,
				F48EC05F2490CF85002A6DD4 /* img_3.png in Resources */,
				F48EC0512490CD32002A6DD4 /* 666.json in Resources */,
				F48EC0632490CF85002A6DD4 /* img_5.png in Resources */,
				F48EC05E2490CF85002A6DD4 /* img_2.png in Resources */,
				F48EC05C2490CF85002A6DD4 /* img_1.png in Resources */,
				F4EF958D23BA086E00BABDF9 /* Main.storyboard in Resources */,
				F48EC0612490CF85002A6DD4 /* img_6.png in Resources */,
				F48EC0622490CF85002A6DD4 /* img_4.png in Resources */,
				F48EC0602490CF85002A6DD4 /* img_7.png in Resources */,
			);
			runOnlyForDeploymentPostprocessing = 0;
		};
		F4EF959823BA087100BABDF9 /* Resources */ = {
			isa = PBXResourcesBuildPhase;
			buildActionMask = 2147483647;
			files = (
			);
			runOnlyForDeploymentPostprocessing = 0;
		};
		F4EF95A323BA087100BABDF9 /* Resources */ = {
			isa = PBXResourcesBuildPhase;
			buildActionMask = 2147483647;
			files = (
			);
			runOnlyForDeploymentPostprocessing = 0;
		};
/* End PBXResourcesBuildPhase section */

/* Begin PBXShellScriptBuildPhase section */
		41B768A0C0DB5B653025BE79 /* [CP] Check Pods Manifest.lock */ = {
			isa = PBXShellScriptBuildPhase;
			buildActionMask = 2147483647;
			files = (
			);
			inputFileListPaths = (
			);
			inputPaths = (
				"${PODS_PODFILE_DIR_PATH}/Podfile.lock",
				"${PODS_ROOT}/Manifest.lock",
			);
			name = "[CP] Check Pods Manifest.lock";
			outputFileListPaths = (
			);
			outputPaths = (
				"$(DERIVED_FILE_DIR)/Pods-TestDemo-checkManifestLockResult.txt",
			);
			runOnlyForDeploymentPostprocessing = 0;
			shellPath = /bin/sh;
			shellScript = "diff \"${PODS_PODFILE_DIR_PATH}/Podfile.lock\" \"${PODS_ROOT}/Manifest.lock\" > /dev/null\nif [ $? != 0 ] ; then\n    # print error to STDERR\n    echo \"error: The sandbox is not in sync with the Podfile.lock. Run 'pod install' or update your CocoaPods installation.\" >&2\n    exit 1\nfi\n# This output is used by Xcode 'outputs' to avoid re-running this script phase.\necho \"SUCCESS\" > \"${SCRIPT_OUTPUT_FILE_0}\"\n";
			showEnvVarsInLog = 0;
		};
		C6585DDD456CB94A40234BD3 /* [CP] Embed Pods Frameworks */ = {
			isa = PBXShellScriptBuildPhase;
			buildActionMask = 2147483647;
			files = (
			);
			inputFileListPaths = (
				"${PODS_ROOT}/Target Support Files/Pods-TestDemo/Pods-TestDemo-frameworks-${CONFIGURATION}-input-files.xcfilelist",
			);
			name = "[CP] Embed Pods Frameworks";
			outputFileListPaths = (
				"${PODS_ROOT}/Target Support Files/Pods-TestDemo/Pods-TestDemo-frameworks-${CONFIGURATION}-output-files.xcfilelist",
			);
			runOnlyForDeploymentPostprocessing = 0;
			shellPath = /bin/sh;
			shellScript = "\"${PODS_ROOT}/Target Support Files/Pods-TestDemo/Pods-TestDemo-frameworks.sh\"\n";
			showEnvVarsInLog = 0;
		};
/* End PBXShellScriptBuildPhase section */

/* Begin PBXSourcesBuildPhase section */
		F4EF957B23BA086E00BABDF9 /* Sources */ = {
			isa = PBXSourcesBuildPhase;
			buildActionMask = 2147483647;
			files = (
				F48EC0692490DB92002A6DD4 /* Person.swift in Sources */,
				F4EF958A23BA086E00BABDF9 /* ViewController.m in Sources */,
				F4EF958423BA086E00BABDF9 /* AppDelegate.m in Sources */,
				F4EF959523BA087100BABDF9 /* main.m in Sources */,
				F48EC0672490D15A002A6DD4 /* TestSwift.swift in Sources */,
			);
			runOnlyForDeploymentPostprocessing = 0;
		};
		F4EF959623BA087100BABDF9 /* Sources */ = {
			isa = PBXSourcesBuildPhase;
			buildActionMask = 2147483647;
			files = (
				F4EF959F23BA087100BABDF9 /* TestDemoTests.m in Sources */,
			);
			runOnlyForDeploymentPostprocessing = 0;
		};
		F4EF95A123BA087100BABDF9 /* Sources */ = {
			isa = PBXSourcesBuildPhase;
			buildActionMask = 2147483647;
			files = (
				F4EF95AA23BA087100BABDF9 /* TestDemoUITests.m in Sources */,
			);
			runOnlyForDeploymentPostprocessing = 0;
		};
/* End PBXSourcesBuildPhase section */

/* Begin PBXTargetDependency section */
		F4EF959C23BA087100BABDF9 /* PBXTargetDependency */ = {
			isa = PBXTargetDependency;
			target = F4EF957E23BA086E00BABDF9 /* TestDemo */;
			targetProxy = F4EF959B23BA087100BABDF9 /* PBXContainerItemProxy */;
		};
		F4EF95A723BA087100BABDF9 /* PBXTargetDependency */ = {
			isa = PBXTargetDependency;
			target = F4EF957E23BA086E00BABDF9 /* TestDemo */;
			targetProxy = F4EF95A623BA087100BABDF9 /* PBXContainerItemProxy */;
		};
/* End PBXTargetDependency section */

/* Begin PBXVariantGroup section */
		F4EF958B23BA086E00BABDF9 /* Main.storyboard */ = {
			isa = PBXVariantGroup;
			children = (
				F4EF958C23BA086E00BABDF9 /* Base */,
			);
			name = Main.storyboard;
			sourceTree = "<group>";
		};
		F4EF959023BA087100BABDF9 /* LaunchScreen.storyboard */ = {
			isa = PBXVariantGroup;
			children = (
				F4EF959123BA087100BABDF9 /* Base */,
			);
			name = LaunchScreen.storyboard;
			sourceTree = "<group>";
		};
/* End PBXVariantGroup section */

/* Begin XCBuildConfiguration section */
		F4EF95AC23BA087100BABDF9 /* Debug */ = {
			isa = XCBuildConfiguration;
			buildSettings = {
				ALWAYS_SEARCH_USER_PATHS = NO;
				CLANG_ANALYZER_NONNULL = YES;
				CLANG_ANALYZER_NUMBER_OBJECT_CONVERSION = YES_AGGRESSIVE;
				CLANG_CXX_LANGUAGE_STANDARD = "gnu++14";
				CLANG_CXX_LIBRARY = "libc++";
				CLANG_ENABLE_MODULES = YES;
				CLANG_ENABLE_OBJC_ARC = YES;
				CLANG_ENABLE_OBJC_WEAK = YES;
				CLANG_WARN_BLOCK_CAPTURE_AUTORELEASING = YES;
				CLANG_WARN_BOOL_CONVERSION = YES;
				CLANG_WARN_COMMA = YES;
				CLANG_WARN_CONSTANT_CONVERSION = YES;
				CLANG_WARN_DEPRECATED_OBJC_IMPLEMENTATIONS = YES;
				CLANG_WARN_DIRECT_OBJC_ISA_USAGE = YES_ERROR;
				CLANG_WARN_DOCUMENTATION_COMMENTS = YES;
				CLANG_WARN_EMPTY_BODY = YES;
				CLANG_WARN_ENUM_CONVERSION = YES;
				CLANG_WARN_INFINITE_RECURSION = YES;
				CLANG_WARN_INT_CONVERSION = YES;
				CLANG_WARN_NON_LITERAL_NULL_CONVERSION = YES;
				CLANG_WARN_OBJC_IMPLICIT_RETAIN_SELF = YES;
				CLANG_WARN_OBJC_LITERAL_CONVERSION = YES;
				CLANG_WARN_OBJC_ROOT_CLASS = YES_ERROR;
				CLANG_WARN_RANGE_LOOP_ANALYSIS = YES;
				CLANG_WARN_STRICT_PROTOTYPES = YES;
				CLANG_WARN_SUSPICIOUS_MOVE = YES;
				CLANG_WARN_UNGUARDED_AVAILABILITY = YES_AGGRESSIVE;
				CLANG_WARN_UNREACHABLE_CODE = YES;
				CLANG_WARN__DUPLICATE_METHOD_MATCH = YES;
				COPY_PHASE_STRIP = NO;
				DEBUG_INFORMATION_FORMAT = dwarf;
				ENABLE_STRICT_OBJC_MSGSEND = YES;
				ENABLE_TESTABILITY = YES;
				GCC_C_LANGUAGE_STANDARD = gnu11;
				GCC_DYNAMIC_NO_PIC = NO;
				GCC_NO_COMMON_BLOCKS = YES;
				GCC_OPTIMIZATION_LEVEL = 0;
				GCC_PREPROCESSOR_DEFINITIONS = (
					"DEBUG=1",
					"$(inherited)",
				);
				GCC_WARN_64_TO_32_BIT_CONVERSION = YES;
				GCC_WARN_ABOUT_RETURN_TYPE = YES_ERROR;
				GCC_WARN_UNDECLARED_SELECTOR = YES;
				GCC_WARN_UNINITIALIZED_AUTOS = YES_AGGRESSIVE;
				GCC_WARN_UNUSED_FUNCTION = YES;
				GCC_WARN_UNUSED_VARIABLE = YES;
				IPHONEOS_DEPLOYMENT_TARGET = 13.2;
				MTL_ENABLE_DEBUG_INFO = INCLUDE_SOURCE;
				MTL_FAST_MATH = YES;
				ONLY_ACTIVE_ARCH = YES;
				SDKROOT = iphoneos;
			};
			name = Debug;
		};
		F4EF95AD23BA087100BABDF9 /* Release */ = {
			isa = XCBuildConfiguration;
			buildSettings = {
				ALWAYS_SEARCH_USER_PATHS = NO;
				CLANG_ANALYZER_NONNULL = YES;
				CLANG_ANALYZER_NUMBER_OBJECT_CONVERSION = YES_AGGRESSIVE;
				CLANG_CXX_LANGUAGE_STANDARD = "gnu++14";
				CLANG_CXX_LIBRARY = "libc++";
				CLANG_ENABLE_MODULES = YES;
				CLANG_ENABLE_OBJC_ARC = YES;
				CLANG_ENABLE_OBJC_WEAK = YES;
				CLANG_WARN_BLOCK_CAPTURE_AUTORELEASING = YES;
				CLANG_WARN_BOOL_CONVERSION = YES;
				CLANG_WARN_COMMA = YES;
				CLANG_WARN_CONSTANT_CONVERSION = YES;
				CLANG_WARN_DEPRECATED_OBJC_IMPLEMENTATIONS = YES;
				CLANG_WARN_DIRECT_OBJC_ISA_USAGE = YES_ERROR;
				CLANG_WARN_DOCUMENTATION_COMMENTS = YES;
				CLANG_WARN_EMPTY_BODY = YES;
				CLANG_WARN_ENUM_CONVERSION = YES;
				CLANG_WARN_INFINITE_RECURSION = YES;
				CLANG_WARN_INT_CONVERSION = YES;
				CLANG_WARN_NON_LITERAL_NULL_CONVERSION = YES;
				CLANG_WARN_OBJC_IMPLICIT_RETAIN_SELF = YES;
				CLANG_WARN_OBJC_LITERAL_CONVERSION = YES;
				CLANG_WARN_OBJC_ROOT_CLASS = YES_ERROR;
				CLANG_WARN_RANGE_LOOP_ANALYSIS = YES;
				CLANG_WARN_STRICT_PROTOTYPES = YES;
				CLANG_WARN_SUSPICIOUS_MOVE = YES;
				CLANG_WARN_UNGUARDED_AVAILABILITY = YES_AGGRESSIVE;
				CLANG_WARN_UNREACHABLE_CODE = YES;
				CLANG_WARN__DUPLICATE_METHOD_MATCH = YES;
				COPY_PHASE_STRIP = NO;
				DEBUG_INFORMATION_FORMAT = "dwarf-with-dsym";
				ENABLE_NS_ASSERTIONS = NO;
				ENABLE_STRICT_OBJC_MSGSEND = YES;
				GCC_C_LANGUAGE_STANDARD = gnu11;
				GCC_NO_COMMON_BLOCKS = YES;
				GCC_WARN_64_TO_32_BIT_CONVERSION = YES;
				GCC_WARN_ABOUT_RETURN_TYPE = YES_ERROR;
				GCC_WARN_UNDECLARED_SELECTOR = YES;
				GCC_WARN_UNINITIALIZED_AUTOS = YES_AGGRESSIVE;
				GCC_WARN_UNUSED_FUNCTION = YES;
				GCC_WARN_UNUSED_VARIABLE = YES;
				IPHONEOS_DEPLOYMENT_TARGET = 13.2;
				MTL_ENABLE_DEBUG_INFO = NO;
				MTL_FAST_MATH = YES;
				SDKROOT = iphoneos;
				VALIDATE_PRODUCT = YES;
			};
			name = Release;
		};
		F4EF95AF23BA087100BABDF9 /* Debug */ = {
			isa = XCBuildConfiguration;
			baseConfigurationReference = D1752D730C45FD6BF1162C75 /* Pods-TestDemo.debug.xcconfig */;
			buildSettings = {
				ASSETCATALOG_COMPILER_APPICON_NAME = AppIcon;
				CLANG_ENABLE_MODULES = YES;
				CODE_SIGN_ENTITLEMENTS = TestDemo/TestDemo.entitlements;
				CODE_SIGN_IDENTITY = "iPhone Developer";
				CODE_SIGN_STYLE = Manual;
				DEVELOPMENT_TEAM = 6N56F2WDW2;
				INFOPLIST_FILE = TestDemo/Info.plist;
				IPHONEOS_DEPLOYMENT_TARGET = 9.0;
				LD_RUNPATH_SEARCH_PATHS = (
					"$(inherited)",
					"@executable_path/Frameworks",
				);
				PRODUCT_BUNDLE_IDENTIFIER = com.puffer.live;
				PRODUCT_NAME = "$(TARGET_NAME)";
				PROVISIONING_PROFILE_SPECIFIER = PufferLivePushDev;
				SWIFT_OBJC_BRIDGING_HEADER = "TestDemo/TestDemo-Bridging-Header.h";
				SWIFT_OPTIMIZATION_LEVEL = "-Onone";
				SWIFT_VERSION = 5.0;
				TARGETED_DEVICE_FAMILY = 1;
			};
			name = Debug;
		};
		F4EF95B023BA087100BABDF9 /* Release */ = {
			isa = XCBuildConfiguration;
			baseConfigurationReference = FF99A29BD7FD6EB510306997 /* Pods-TestDemo.release.xcconfig */;
			buildSettings = {
				ASSETCATALOG_COMPILER_APPICON_NAME = AppIcon;
				CLANG_ENABLE_MODULES = YES;
				CODE_SIGN_ENTITLEMENTS = TestDemo/TestDemoRelease.entitlements;
				CODE_SIGN_IDENTITY = "iPhone Distribution";
				CODE_SIGN_STYLE = Manual;
				DEVELOPMENT_TEAM = 6N56F2WDW2;
				INFOPLIST_FILE = TestDemo/Info.plist;
				IPHONEOS_DEPLOYMENT_TARGET = 9.0;
				LD_RUNPATH_SEARCH_PATHS = (
					"$(inherited)",
					"@executable_path/Frameworks",
				);
				PRODUCT_BUNDLE_IDENTIFIER = com.puffer.live;
				PRODUCT_NAME = "$(TARGET_NAME)";
				PROVISIONING_PROFILE_SPECIFIER = PufferLivePushProduct;
				SWIFT_OBJC_BRIDGING_HEADER = "TestDemo/TestDemo-Bridging-Header.h";
				SWIFT_VERSION = 5.0;
				TARGETED_DEVICE_FAMILY = 1;
			};
			name = Release;
		};
		F4EF95B223BA087100BABDF9 /* Debug */ = {
			isa = XCBuildConfiguration;
			buildSettings = {
				ALWAYS_EMBED_SWIFT_STANDARD_LIBRARIES = YES;
				BUNDLE_LOADER = "$(TEST_HOST)";
				CODE_SIGN_STYLE = Automatic;
				INFOPLIST_FILE = TestDemoTests/Info.plist;
				IPHONEOS_DEPLOYMENT_TARGET = 13.2;
				LD_RUNPATH_SEARCH_PATHS = (
					"$(inherited)",
					"@executable_path/Frameworks",
					"@loader_path/Frameworks",
				);
				PRODUCT_BUNDLE_IDENTIFIER = com.uldd.TestDemoTests;
				PRODUCT_NAME = "$(TARGET_NAME)";
				TARGETED_DEVICE_FAMILY = "1,2";
				TEST_HOST = "$(BUILT_PRODUCTS_DIR)/TestDemo.app/TestDemo";
			};
			name = Debug;
		};
		F4EF95B323BA087100BABDF9 /* Release */ = {
			isa = XCBuildConfiguration;
			buildSettings = {
				ALWAYS_EMBED_SWIFT_STANDARD_LIBRARIES = YES;
				BUNDLE_LOADER = "$(TEST_HOST)";
				CODE_SIGN_STYLE = Automatic;
				INFOPLIST_FILE = TestDemoTests/Info.plist;
				IPHONEOS_DEPLOYMENT_TARGET = 13.2;
				LD_RUNPATH_SEARCH_PATHS = (
					"$(inherited)",
					"@executable_path/Frameworks",
					"@loader_path/Frameworks",
				);
				PRODUCT_BUNDLE_IDENTIFIER = com.uldd.TestDemoTests;
				PRODUCT_NAME = "$(TARGET_NAME)";
				TARGETED_DEVICE_FAMILY = "1,2";
				TEST_HOST = "$(BUILT_PRODUCTS_DIR)/TestDemo.app/TestDemo";
			};
			name = Release;
		};
		F4EF95B523BA087100BABDF9 /* Debug */ = {
			isa = XCBuildConfiguration;
			buildSettings = {
				ALWAYS_EMBED_SWIFT_STANDARD_LIBRARIES = YES;
				CODE_SIGN_STYLE = Automatic;
				INFOPLIST_FILE = TestDemoUITests/Info.plist;
				LD_RUNPATH_SEARCH_PATHS = (
					"$(inherited)",
					"@executable_path/Frameworks",
					"@loader_path/Frameworks",
				);
				PRODUCT_BUNDLE_IDENTIFIER = com.uldd.TestDemoUITests;
				PRODUCT_NAME = "$(TARGET_NAME)";
				TARGETED_DEVICE_FAMILY = "1,2";
				TEST_TARGET_NAME = TestDemo;
			};
			name = Debug;
		};
		F4EF95B623BA087100BABDF9 /* Release */ = {
			isa = XCBuildConfiguration;
			buildSettings = {
				ALWAYS_EMBED_SWIFT_STANDARD_LIBRARIES = YES;
				CODE_SIGN_STYLE = Automatic;
				INFOPLIST_FILE = TestDemoUITests/Info.plist;
				LD_RUNPATH_SEARCH_PATHS = (
					"$(inherited)",
					"@executable_path/Frameworks",
					"@loader_path/Frameworks",
				);
				PRODUCT_BUNDLE_IDENTIFIER = com.uldd.TestDemoUITests;
				PRODUCT_NAME = "$(TARGET_NAME)";
				TARGETED_DEVICE_FAMILY = "1,2";
				TEST_TARGET_NAME = TestDemo;
			};
			name = Release;
		};
/* End XCBuildConfiguration section */

/* Begin XCConfigurationList section */
		F4EF957A23BA086E00BABDF9 /* Build configuration list for PBXProject "TestDemo" */ = {
			isa = XCConfigurationList;
			buildConfigurations = (
				F4EF95AC23BA087100BABDF9 /* Debug */,
				F4EF95AD23BA087100BABDF9 /* Release */,
			);
			defaultConfigurationIsVisible = 0;
			defaultConfigurationName = Release;
		};
		F4EF95AE23BA087100BABDF9 /* Build configuration list for PBXNativeTarget "TestDemo" */ = {
			isa = XCConfigurationList;
			buildConfigurations = (
				F4EF95AF23BA087100BABDF9 /* Debug */,
				F4EF95B023BA087100BABDF9 /* Release */,
			);
			defaultConfigurationIsVisible = 0;
			defaultConfigurationName = Release;
		};
		F4EF95B123BA087100BABDF9 /* Build configuration list for PBXNativeTarget "TestDemoTests" */ = {
			isa = XCConfigurationList;
			buildConfigurations = (
				F4EF95B223BA087100BABDF9 /* Debug */,
				F4EF95B323BA087100BABDF9 /* Release */,
			);
			defaultConfigurationIsVisible = 0;
			defaultConfigurationName = Release;
		};
		F4EF95B423BA087100BABDF9 /* Build configuration list for PBXNativeTarget "TestDemoUITests" */ = {
			isa = XCConfigurationList;
			buildConfigurations = (
				F4EF95B523BA087100BABDF9 /* Debug */,
				F4EF95B623BA087100BABDF9 /* Release */,
			);
			defaultConfigurationIsVisible = 0;
			defaultConfigurationName = Release;
		};
/* End XCConfigurationList section */
	};
	rootObject = F4EF957723BA086E00BABDF9 /* Project object */;
}
